{
  "name": "assets",
  "lockfileVersion": 3,
  "requires": true,
  "packages": {
    "": {
      "dependencies": {
        "iconify-icon": "^2.1.0"
      }
    },
    "node_modules/@iconify/types": {
      "version": "2.0.0",
      "resolved": "https://registry.npmjs.org/@iconify/types/-/types-2.0.0.tgz",
      "integrity": "sha512-+wluvCrRhXrhyOmRDJ3q8mux9JkKy5SJ/v8ol2tu4FVjyYvtEzkc/3pK15ET6RKg4b4w4BmTk1+gsCUhf21Ykg==",
      "license": "MIT"
    },
    "node_modules/iconify-icon": {
      "version": "2.1.0",
      "resolved": "https://registry.npmjs.org/iconify-icon/-/iconify-icon-2.1.0.tgz",
      "integrity": "sha512-lto4XU3bwTQnb+D/CsJ4dWAo0aDe+uPMxEtxyOodw9l7R9QnJUUab3GCehlw2M8mDHdeUu/ufx8PvRQiJphhXg==",
      "license": "MIT",
      "dependencies": {
        "@iconify/types": "^2.0.0"
      },
      "funding": {
        "url": "https://github.com/sponsors/cyberalien"
      }
    }
  }
}
